
Microsoft Visual Studio Solution File, Format Version 12.00
# Visual Studio Version 16
VisualStudioVersion = 16.0.29709.97
MinimumVisualStudioVersion = 10.0.40219.1
Project("{FAE04EC0-301F-11D3-BF4B-00C04F79EFBC}") = "Z9_Manager", "Z9_Manager\Z9_Manager.csproj", "{0B42491E-C51B-4F8C-AADF-F092128F44A3}"
EndProject
Project("{FAE04EC0-301F-11D3-BF4B-00C04F79EFBC}") = "Z9_Model", "Z9_Model\Z9_Model.csproj", "{D61D4A7F-DB5C-4936-9677-DF4EDDD1DD25}"
EndProject
Global
	GlobalSection(SolutionConfigurationPlatforms) = preSolution
		Debug|Any CPU = Debug|Any CPU
		Release|Any CPU = Release|Any CPU
	EndGlobalSection
	GlobalSection(ProjectConfigurationPlatforms) = postSolution
		{0B42491E-C51B-4F8C-AADF-F092128F44A3}.Debug|Any CPU.ActiveCfg = Debug|Any CPU
		{0B42491E-C51B-4F8C-AADF-F092128F44A3}.Debug|Any CPU.Build.0 = Debug|Any CPU
		{0B42491E-C51B-4F8C-AADF-F092128F44A3}.Release|Any CPU.ActiveCfg = Release|Any CPU
		{0B42491E-C51B-4F8C-AADF-F092128F44A3}.Release|Any CPU.Build.0 = Release|Any CPU
		{D61D4A7F-DB5C-4936-9677-DF4EDDD1DD25}.Debug|Any CPU.ActiveCfg = Debug|Any CPU
		{D61D4A7F-DB5C-4936-9677-DF4EDDD1DD25}.Debug|Any CPU.Build.0 = Debug|Any CPU
		{D61D4A7F-DB5C-4936-9677-DF4EDDD1DD25}.Release|Any CPU.ActiveCfg = Release|Any CPU
		{D61D4A7F-DB5C-4936-9677-DF4EDDD1DD25}.Release|Any CPU.Build.0 = Release|Any CPU
	EndGlobalSection
	GlobalSection(SolutionProperties) = preSolution
		HideSolutionNode = FALSE
	EndGlobalSection
	GlobalSection(ExtensibilityGlobals) = postSolution
		SolutionGuid = {93D12529-9D81-4B67-93E2-D1BAE4B8A2C5}
	EndGlobalSection
EndGlobal
